
Microsoft Visual Studio Solution File, Format Version 12.00
# Visual Studio 14
VisualStudioVersion = 14.0.23107.0
MinimumVisualStudioVersion = 10.0.40219.1
Project("{FAE04EC0-301F-11D3-BF4B-00C04F79EFBC}") = "SourcingProviders", "SourcingProviders.csproj", "{EB95B6D6-569A-46CB-B088-BA389A2CC43E}"
EndProject
Project("{FAE04EC0-301F-11D3-BF4B-00C04F79EFBC}") = "SourcingProviderTests", "..\SourcingProviderTests\SourcingProviderTests.csproj", "{82F03AA5-D88D-452C-AEB1-B40BBAEC276D}"
EndProject
Global
	GlobalSection(SolutionConfigurationPlatforms) = preSolution
		Debug|Any CPU = Debug|Any CPU
		Release|Any CPU = Release|Any CPU
	EndGlobalSection
	GlobalSection(ProjectConfigurationPlatforms) = postSolution
		{EB95B6D6-569A-46CB-B088-BA389A2CC43E}.Debug|Any CPU.ActiveCfg = Debug|Any CPU
		{EB95B6D6-569A-46CB-B088-BA389A2CC43E}.Debug|Any CPU.Build.0 = Debug|Any CPU
		{EB95B6D6-569A-46CB-B088-BA389A2CC43E}.Release|Any CPU.ActiveCfg = Release|Any CPU
		{EB95B6D6-569A-46CB-B088-BA389A2CC43E}.Release|Any CPU.Build.0 = Release|Any CPU
		{82F03AA5-D88D-452C-AEB1-B40BBAEC276D}.Debug|Any CPU.ActiveCfg = Debug|Any CPU
		{82F03AA5-D88D-452C-AEB1-B40BBAEC276D}.Debug|Any CPU.Build.0 = Debug|Any CPU
		{82F03AA5-D88D-452C-AEB1-B40BBAEC276D}.Release|Any CPU.ActiveCfg = Release|Any CPU
		{82F03AA5-D88D-452C-AEB1-B40BBAEC276D}.Release|Any CPU.Build.0 = Release|Any CPU
	EndGlobalSection
	GlobalSection(SolutionProperties) = preSolution
		HideSolutionNode = FALSE
	EndGlobalSection
EndGlobal
